
Microsoft Visual Studio Solution File, Format Version 12.00
# Visual Studio Version 17
VisualStudioVersion = 17.13.35919.96 d17.13
MinimumVisualStudioVersion = 10.0.40219.1
Project("{FAE04EC0-301F-11D3-BF4B-00C04F79EFBC}") = "lab4.2", "lab4.2.csproj", "{74BBAAF7-3E1F-4D98-AA99-B337B7D68830}"
EndProject
Global
	GlobalSection(SolutionConfigurationPlatforms) = preSolution
		Debug|Any CPU = Debug|Any CPU
		Release|Any CPU = Release|Any CPU
	EndGlobalSection
	GlobalSection(ProjectConfigurationPlatforms) = postSolution
		{74BBAAF7-3E1F-4D98-AA99-B337B7D68830}.Debug|Any CPU.ActiveCfg = Debug|Any CPU
		{74BBAAF7-3E1F-4D98-AA99-B337B7D68830}.Debug|Any CPU.Build.0 = Debug|Any CPU
		{74BBAAF7-3E1F-4D98-AA99-B337B7D68830}.Release|Any CPU.ActiveCfg = Release|Any CPU
		{74BBAAF7-3E1F-4D98-AA99-B337B7D68830}.Release|Any CPU.Build.0 = Release|Any CPU
	EndGlobalSection
	GlobalSection(SolutionProperties) = preSolution
		HideSolutionNode = FALSE
	EndGlobalSection
	GlobalSection(ExtensibilityGlobals) = postSolution
		SolutionGuid = {AFC365C1-2AFE-49C0-809D-59C15863E9E0}
	EndGlobalSection
EndGlobal
